
Microsoft Visual Studio Solution File, Format Version 12.00
# Visual Studio 2012
Project("{FAE04EC0-301F-11D3-BF4B-00C04F79EFBC}") = "APDUParser", "APDUParser\APDUParser.csproj", "{6508CCFE-97DE-4399-A901-4C724C6FAFA4}"
EndProject
Project("{FAE04EC0-301F-11D3-BF4B-00C04F79EFBC}") = "ParserLib", "ParserLib\ParserLib.csproj", "{BDE25A60-83DD-4660-B68A-02F7EB8AAFD1}"
EndProject
Project("{FAE04EC0-301F-11D3-BF4B-00C04F79EFBC}") = "APDUTest", "APDUTest\APDUTest.csproj", "{3B1B4686-3ED3-4037-8409-894DE2FE0792}"
EndProject
Project("{FAE04EC0-301F-11D3-BF4B-00C04F79EFBC}") = "helperGUI", "helperGUI\helperGUI.csproj", "{694C0703-6944-4041-BDE9-42A3A14D8F63}"
EndProject
Project("{FAE04EC0-301F-11D3-BF4B-00C04F79EFBC}") = "TreeViewColumnsProject", "..\TreeViewColumnsSolution\TreeViewColumnsProject\TreeViewColumnsProject.csproj", "{C8A3CB93-F1B0-4F02-ACC6-D5E382C7860A}"
EndProject
Global
	GlobalSection(SolutionConfigurationPlatforms) = preSolution
		Debug|Any CPU = Debug|Any CPU
		Release|Any CPU = Release|Any CPU
	EndGlobalSection
	GlobalSection(ProjectConfigurationPlatforms) = postSolution
		{6508CCFE-97DE-4399-A901-4C724C6FAFA4}.Debug|Any CPU.ActiveCfg = Debug|Any CPU
		{6508CCFE-97DE-4399-A901-4C724C6FAFA4}.Debug|Any CPU.Build.0 = Debug|Any CPU
		{6508CCFE-97DE-4399-A901-4C724C6FAFA4}.Release|Any CPU.ActiveCfg = Release|Any CPU
		{6508CCFE-97DE-4399-A901-4C724C6FAFA4}.Release|Any CPU.Build.0 = Release|Any CPU
		{BDE25A60-83DD-4660-B68A-02F7EB8AAFD1}.Debug|Any CPU.ActiveCfg = Debug|Any CPU
		{BDE25A60-83DD-4660-B68A-02F7EB8AAFD1}.Debug|Any CPU.Build.0 = Debug|Any CPU
		{BDE25A60-83DD-4660-B68A-02F7EB8AAFD1}.Release|Any CPU.ActiveCfg = Release|Any CPU
		{BDE25A60-83DD-4660-B68A-02F7EB8AAFD1}.Release|Any CPU.Build.0 = Release|Any CPU
		{3B1B4686-3ED3-4037-8409-894DE2FE0792}.Debug|Any CPU.ActiveCfg = Debug|Any CPU
		{3B1B4686-3ED3-4037-8409-894DE2FE0792}.Debug|Any CPU.Build.0 = Debug|Any CPU
		{3B1B4686-3ED3-4037-8409-894DE2FE0792}.Release|Any CPU.ActiveCfg = Release|Any CPU
		{3B1B4686-3ED3-4037-8409-894DE2FE0792}.Release|Any CPU.Build.0 = Release|Any CPU
		{694C0703-6944-4041-BDE9-42A3A14D8F63}.Debug|Any CPU.ActiveCfg = Debug|Any CPU
		{694C0703-6944-4041-BDE9-42A3A14D8F63}.Debug|Any CPU.Build.0 = Debug|Any CPU
		{694C0703-6944-4041-BDE9-42A3A14D8F63}.Release|Any CPU.ActiveCfg = Release|Any CPU
		{694C0703-6944-4041-BDE9-42A3A14D8F63}.Release|Any CPU.Build.0 = Release|Any CPU
		{C8A3CB93-F1B0-4F02-ACC6-D5E382C7860A}.Debug|Any CPU.ActiveCfg = Debug|Any CPU
		{C8A3CB93-F1B0-4F02-ACC6-D5E382C7860A}.Debug|Any CPU.Build.0 = Debug|Any CPU
		{C8A3CB93-F1B0-4F02-ACC6-D5E382C7860A}.Release|Any CPU.ActiveCfg = Release|Any CPU
		{C8A3CB93-F1B0-4F02-ACC6-D5E382C7860A}.Release|Any CPU.Build.0 = Release|Any CPU
	EndGlobalSection
	GlobalSection(SolutionProperties) = preSolution
		HideSolutionNode = FALSE
	EndGlobalSection
EndGlobal
